
Microsoft Visual Studio Solution File, Format Version 12.00
# Visual Studio 15
VisualStudioVersion = 15.0.28010.2003
MinimumVisualStudioVersion = 10.0.40219.1
Project("{FAE04EC0-301F-11D3-BF4B-00C04F79EFBC}") = "ModernStore.Domain", "ModernStore.Domain\ModernStore.Domain.csproj", "{C019F8E3-5C39-442B-BCE7-9B0DFBFA1D14}"
EndProject
Project("{FAE04EC0-301F-11D3-BF4B-00C04F79EFBC}") = "ModernStore.Console", "ModernStore.Console\ModernStore.Console.csproj", "{848FEE5E-47AB-496C-8A6F-3EB27B0B042F}"
EndProject
Project("{FAE04EC0-301F-11D3-BF4B-00C04F79EFBC}") = "ModernStore.Shared", "ModernStore.Shared\ModernStore.Shared.csproj", "{662BC300-00DB-4869-AC70-48CB39855D84}"
EndProject
Global
	GlobalSection(SolutionConfigurationPlatforms) = preSolution
		Debug|Any CPU = Debug|Any CPU
		Release|Any CPU = Release|Any CPU
	EndGlobalSection
	GlobalSection(ProjectConfigurationPlatforms) = postSolution
		{C019F8E3-5C39-442B-BCE7-9B0DFBFA1D14}.Debug|Any CPU.ActiveCfg = Debug|Any CPU
		{C019F8E3-5C39-442B-BCE7-9B0DFBFA1D14}.Debug|Any CPU.Build.0 = Debug|Any CPU
		{C019F8E3-5C39-442B-BCE7-9B0DFBFA1D14}.Release|Any CPU.ActiveCfg = Release|Any CPU
		{C019F8E3-5C39-442B-BCE7-9B0DFBFA1D14}.Release|Any CPU.Build.0 = Release|Any CPU
		{848FEE5E-47AB-496C-8A6F-3EB27B0B042F}.Debug|Any CPU.ActiveCfg = Debug|Any CPU
		{848FEE5E-47AB-496C-8A6F-3EB27B0B042F}.Debug|Any CPU.Build.0 = Debug|Any CPU
		{848FEE5E-47AB-496C-8A6F-3EB27B0B042F}.Release|Any CPU.ActiveCfg = Release|Any CPU
		{848FEE5E-47AB-496C-8A6F-3EB27B0B042F}.Release|Any CPU.Build.0 = Release|Any CPU
		{662BC300-00DB-4869-AC70-48CB39855D84}.Debug|Any CPU.ActiveCfg = Debug|Any CPU
		{662BC300-00DB-4869-AC70-48CB39855D84}.Debug|Any CPU.Build.0 = Debug|Any CPU
		{662BC300-00DB-4869-AC70-48CB39855D84}.Release|Any CPU.ActiveCfg = Release|Any CPU
		{662BC300-00DB-4869-AC70-48CB39855D84}.Release|Any CPU.Build.0 = Release|Any CPU
	EndGlobalSection
	GlobalSection(SolutionProperties) = preSolution
		HideSolutionNode = FALSE
	EndGlobalSection
	GlobalSection(ExtensibilityGlobals) = postSolution
		SolutionGuid = {5F598245-61E2-4184-892C-CA27E2557AE0}
	EndGlobalSection
EndGlobal
